
Microsoft Visual Studio Solution File, Format Version 12.00
# Visual Studio 2012
Project("{FAE04EC0-301F-11D3-BF4B-00C04F79EFBC}") = "WebApiandSignalR", "WebApiandSignalR\WebApiandSignalR.csproj", "{967B6D40-09F8-4877-B478-4A66D3CF15D7}"
EndProject
Global
	GlobalSection(SolutionConfigurationPlatforms) = preSolution
		Debug|Any CPU = Debug|Any CPU
		Release|Any CPU = Release|Any CPU
	EndGlobalSection
	GlobalSection(ProjectConfigurationPlatforms) = postSolution
		{967B6D40-09F8-4877-B478-4A66D3CF15D7}.Debug|Any CPU.ActiveCfg = Debug|Any CPU
		{967B6D40-09F8-4877-B478-4A66D3CF15D7}.Debug|Any CPU.Build.0 = Debug|Any CPU
		{967B6D40-09F8-4877-B478-4A66D3CF15D7}.Release|Any CPU.ActiveCfg = Release|Any CPU
		{967B6D40-09F8-4877-B478-4A66D3CF15D7}.Release|Any CPU.Build.0 = Release|Any CPU
	EndGlobalSection
	GlobalSection(SolutionProperties) = preSolution
		HideSolutionNode = FALSE
	EndGlobalSection
EndGlobal
